
Microsoft Visual Studio Solution File, Format Version 12.00
# Visual Studio Version 16
VisualStudioVersion = 16.0.30621.155
MinimumVisualStudioVersion = 10.0.40219.1
Project("{FAE04EC0-301F-11D3-BF4B-00C04F79EFBC}") = "Thread_Parallel", "Thread_Parallel.csproj", "{DB935591-5A88-407F-9500-58309E51EE54}"
EndProject
Global
	GlobalSection(SolutionConfigurationPlatforms) = preSolution
		Debug|Any CPU = Debug|Any CPU
		Release|Any CPU = Release|Any CPU
	EndGlobalSection
	GlobalSection(ProjectConfigurationPlatforms) = postSolution
		{DB935591-5A88-407F-9500-58309E51EE54}.Debug|Any CPU.ActiveCfg = Debug|Any CPU
		{DB935591-5A88-407F-9500-58309E51EE54}.Debug|Any CPU.Build.0 = Debug|Any CPU
		{DB935591-5A88-407F-9500-58309E51EE54}.Release|Any CPU.ActiveCfg = Release|Any CPU
		{DB935591-5A88-407F-9500-58309E51EE54}.Release|Any CPU.Build.0 = Release|Any CPU
	EndGlobalSection
	GlobalSection(SolutionProperties) = preSolution
		HideSolutionNode = FALSE
	EndGlobalSection
	GlobalSection(ExtensibilityGlobals) = postSolution
		SolutionGuid = {27B11EB4-AF33-444C-A0FF-A076F6263830}
	EndGlobalSection
EndGlobal
