
Microsoft Visual Studio Solution File, Format Version 12.00
# Visual Studio Version 16
VisualStudioVersion = 16.0.30621.155
MinimumVisualStudioVersion = 10.0.40219.1
Project("{9A19103F-16F7-4668-BE54-9A1E7A4F7556}") = "HomeTask5", "HomeTask5\HomeTask5.csproj", "{84C7E8A2-D59D-484B-9AC5-DE61AE2933E6}"
EndProject
Project("{FAE04EC0-301F-11D3-BF4B-00C04F79EFBC}") = "StudyManager.DataAccess.ADO", "StudyManager.DataAccess.ADO\StudyManager.DataAccess.ADO.csproj", "{EC7687DF-FEF9-4130-8794-46F6789478D6}"
EndProject
Project("{FAE04EC0-301F-11D3-BF4B-00C04F79EFBC}") = "StudyManager.Models", "StudyManager.Models\StudyManager.Models.csproj", "{01AFB229-0F20-44D4-8324-4FE85A8EB992}"
EndProject
Global
	GlobalSection(SolutionConfigurationPlatforms) = preSolution
		Debug|Any CPU = Debug|Any CPU
		Release|Any CPU = Release|Any CPU
	EndGlobalSection
	GlobalSection(ProjectConfigurationPlatforms) = postSolution
		{84C7E8A2-D59D-484B-9AC5-DE61AE2933E6}.Debug|Any CPU.ActiveCfg = Debug|Any CPU
		{84C7E8A2-D59D-484B-9AC5-DE61AE2933E6}.Debug|Any CPU.Build.0 = Debug|Any CPU
		{84C7E8A2-D59D-484B-9AC5-DE61AE2933E6}.Release|Any CPU.ActiveCfg = Release|Any CPU
		{84C7E8A2-D59D-484B-9AC5-DE61AE2933E6}.Release|Any CPU.Build.0 = Release|Any CPU
		{EC7687DF-FEF9-4130-8794-46F6789478D6}.Debug|Any CPU.ActiveCfg = Debug|Any CPU
		{EC7687DF-FEF9-4130-8794-46F6789478D6}.Debug|Any CPU.Build.0 = Debug|Any CPU
		{EC7687DF-FEF9-4130-8794-46F6789478D6}.Release|Any CPU.ActiveCfg = Release|Any CPU
		{EC7687DF-FEF9-4130-8794-46F6789478D6}.Release|Any CPU.Build.0 = Release|Any CPU
		{01AFB229-0F20-44D4-8324-4FE85A8EB992}.Debug|Any CPU.ActiveCfg = Debug|Any CPU
		{01AFB229-0F20-44D4-8324-4FE85A8EB992}.Debug|Any CPU.Build.0 = Debug|Any CPU
		{01AFB229-0F20-44D4-8324-4FE85A8EB992}.Release|Any CPU.ActiveCfg = Release|Any CPU
		{01AFB229-0F20-44D4-8324-4FE85A8EB992}.Release|Any CPU.Build.0 = Release|Any CPU
	EndGlobalSection
	GlobalSection(SolutionProperties) = preSolution
		HideSolutionNode = FALSE
	EndGlobalSection
	GlobalSection(ExtensibilityGlobals) = postSolution
		SolutionGuid = {CD15AE75-B555-4C25-8B5E-B4B369E1CF9F}
	EndGlobalSection
EndGlobal
