
Microsoft Visual Studio Solution File, Format Version 12.00
# Visual Studio Version 16
VisualStudioVersion = 16.0.30804.86
MinimumVisualStudioVersion = 10.0.40219.1
Project("{9A19103F-16F7-4668-BE54-9A1E7A4F7556}") = "HomeTask8", "HomeTask8\HomeTask8.csproj", "{9A4A83F3-C8E3-4DD6-9793-4817CEDC3AD9}"
EndProject
Project("{9A19103F-16F7-4668-BE54-9A1E7A4F7556}") = "StudyManager.DataAccess.ADO", "StudyManager.DataAccess.ADO\StudyManager.DataAccess.ADO.csproj", "{682061EF-6975-44DD-B5D2-816157DE6978}"
EndProject
Project("{9A19103F-16F7-4668-BE54-9A1E7A4F7556}") = "StudyManager.Models", "StudyManager.Models\StudyManager.Models.csproj", "{B235ECDD-93C6-4E30-97EB-2A80D41F77B1}"
EndProject
Global
	GlobalSection(SolutionConfigurationPlatforms) = preSolution
		Debug|Any CPU = Debug|Any CPU
		Release|Any CPU = Release|Any CPU
	EndGlobalSection
	GlobalSection(ProjectConfigurationPlatforms) = postSolution
		{9A4A83F3-C8E3-4DD6-9793-4817CEDC3AD9}.Debug|Any CPU.ActiveCfg = Debug|Any CPU
		{9A4A83F3-C8E3-4DD6-9793-4817CEDC3AD9}.Debug|Any CPU.Build.0 = Debug|Any CPU
		{9A4A83F3-C8E3-4DD6-9793-4817CEDC3AD9}.Release|Any CPU.ActiveCfg = Release|Any CPU
		{9A4A83F3-C8E3-4DD6-9793-4817CEDC3AD9}.Release|Any CPU.Build.0 = Release|Any CPU
		{682061EF-6975-44DD-B5D2-816157DE6978}.Debug|Any CPU.ActiveCfg = Debug|Any CPU
		{682061EF-6975-44DD-B5D2-816157DE6978}.Debug|Any CPU.Build.0 = Debug|Any CPU
		{682061EF-6975-44DD-B5D2-816157DE6978}.Release|Any CPU.ActiveCfg = Release|Any CPU
		{682061EF-6975-44DD-B5D2-816157DE6978}.Release|Any CPU.Build.0 = Release|Any CPU
		{B235ECDD-93C6-4E30-97EB-2A80D41F77B1}.Debug|Any CPU.ActiveCfg = Debug|Any CPU
		{B235ECDD-93C6-4E30-97EB-2A80D41F77B1}.Debug|Any CPU.Build.0 = Debug|Any CPU
		{B235ECDD-93C6-4E30-97EB-2A80D41F77B1}.Release|Any CPU.ActiveCfg = Release|Any CPU
		{B235ECDD-93C6-4E30-97EB-2A80D41F77B1}.Release|Any CPU.Build.0 = Release|Any CPU
	EndGlobalSection
	GlobalSection(SolutionProperties) = preSolution
		HideSolutionNode = FALSE
	EndGlobalSection
	GlobalSection(ExtensibilityGlobals) = postSolution
		SolutionGuid = {9181CE00-8AC4-498D-B5D6-B820AFF80FB3}
	EndGlobalSection
EndGlobal
