
Microsoft Visual Studio Solution File, Format Version 12.00
# Visual Studio Version 16
VisualStudioVersion = 16.0.30621.155
MinimumVisualStudioVersion = 10.0.40219.1
Project("{FAE04EC0-301F-11D3-BF4B-00C04F79EFBC}") = "Gamers_Sorted_By_Date", "Gamers_Sorted_By_Date\Gamers_Sorted_By_Date.csproj", "{21A370BE-40A3-474C-9B68-956809025AEC}"
EndProject
Global
	GlobalSection(SolutionConfigurationPlatforms) = preSolution
		Debug|Any CPU = Debug|Any CPU
		Release|Any CPU = Release|Any CPU
	EndGlobalSection
	GlobalSection(ProjectConfigurationPlatforms) = postSolution
		{21A370BE-40A3-474C-9B68-956809025AEC}.Debug|Any CPU.ActiveCfg = Debug|Any CPU
		{21A370BE-40A3-474C-9B68-956809025AEC}.Debug|Any CPU.Build.0 = Debug|Any CPU
		{21A370BE-40A3-474C-9B68-956809025AEC}.Release|Any CPU.ActiveCfg = Release|Any CPU
		{21A370BE-40A3-474C-9B68-956809025AEC}.Release|Any CPU.Build.0 = Release|Any CPU
	EndGlobalSection
	GlobalSection(SolutionProperties) = preSolution
		HideSolutionNode = FALSE
	EndGlobalSection
	GlobalSection(ExtensibilityGlobals) = postSolution
		SolutionGuid = {AA405A1E-CA14-44BA-B0FD-B6072B6D209A}
	EndGlobalSection
EndGlobal
